
Microsoft Visual Studio Solution File, Format Version 12.00
# Visual Studio Version 17
VisualStudioVersion = 17.0.31903.59
MinimumVisualStudioVersion = 10.0.40219.1
Project("{2150E333-8FDC-42A3-9474-1A3956D46DE8}") = "src", "src", "{F0BC807B-8378-4A84-942E-95D645E7CDAB}"
EndProject
Project("{FAE04EC0-301F-11D3-BF4B-00C04F79EFBC}") = "MediaPlayer.Avalonia", "src\MediaPlayer.Avalonia\MediaPlayer.Avalonia.csproj", "{87091518-CBBA-4673-BE52-8E17179CEA33}"
EndProject
Project("{FAE04EC0-301F-11D3-BF4B-00C04F79EFBC}") = "MediaPlayer.Core", "src\MediaPlayer.Core\MediaPlayer.Core.csproj", "{E98853E2-DA65-4678-9556-EC7E03A86FD7}"
EndProject
Global
	GlobalSection(SolutionConfigurationPlatforms) = preSolution
		Debug|Any CPU = Debug|Any CPU
		Release|Any CPU = Release|Any CPU
	EndGlobalSection
	GlobalSection(SolutionProperties) = preSolution
		HideSolutionNode = FALSE
	EndGlobalSection
	GlobalSection(ProjectConfigurationPlatforms) = postSolution
		{87091518-CBBA-4673-BE52-8E17179CEA33}.Debug|Any CPU.ActiveCfg = Debug|Any CPU
		{87091518-CBBA-4673-BE52-8E17179CEA33}.Debug|Any CPU.Build.0 = Debug|Any CPU
		{87091518-CBBA-4673-BE52-8E17179CEA33}.Release|Any CPU.ActiveCfg = Release|Any CPU
		{87091518-CBBA-4673-BE52-8E17179CEA33}.Release|Any CPU.Build.0 = Release|Any CPU
		{E98853E2-DA65-4678-9556-EC7E03A86FD7}.Debug|Any CPU.ActiveCfg = Debug|Any CPU
		{E98853E2-DA65-4678-9556-EC7E03A86FD7}.Debug|Any CPU.Build.0 = Debug|Any CPU
		{E98853E2-DA65-4678-9556-EC7E03A86FD7}.Release|Any CPU.ActiveCfg = Release|Any CPU
		{E98853E2-DA65-4678-9556-EC7E03A86FD7}.Release|Any CPU.Build.0 = Release|Any CPU
	EndGlobalSection
	GlobalSection(NestedProjects) = preSolution
		{87091518-CBBA-4673-BE52-8E17179CEA33} = {F0BC807B-8378-4A84-942E-95D645E7CDAB}
		{E98853E2-DA65-4678-9556-EC7E03A86FD7} = {F0BC807B-8378-4A84-942E-95D645E7CDAB}
	EndGlobalSection
EndGlobal
