
Microsoft Visual Studio Solution File, Format Version 12.00
# Visual Studio Version 16
VisualStudioVersion = 16.0.31105.61
MinimumVisualStudioVersion = 10.0.40219.1
Project("{9A19103F-16F7-4668-BE54-9A1E7A4F7556}") = "MediaPlayerLibrary", "MediaControllerLibrary\MediaPlayerLibrary.csproj", "{B3E25845-0C49-41DC-8263-3FACFE487E0A}"
EndProject
Project("{9A19103F-16F7-4668-BE54-9A1E7A4F7556}") = "MediaPlayerUI", "MediaPlayerUI\MediaPlayerUI.csproj", "{63E0D53D-B3B8-4897-B37C-E83D8ECC235E}"
EndProject
Global
	GlobalSection(SolutionConfigurationPlatforms) = preSolution
		Debug|Any CPU = Debug|Any CPU
		Debug|x64 = Debug|x64
		Debug|x86 = Debug|x86
		Release|Any CPU = Release|Any CPU
		Release|x64 = Release|x64
		Release|x86 = Release|x86
	EndGlobalSection
	GlobalSection(ProjectConfigurationPlatforms) = postSolution
		{B3E25845-0C49-41DC-8263-3FACFE487E0A}.Debug|Any CPU.ActiveCfg = Debug|Any CPU
		{B3E25845-0C49-41DC-8263-3FACFE487E0A}.Debug|Any CPU.Build.0 = Debug|Any CPU
		{B3E25845-0C49-41DC-8263-3FACFE487E0A}.Debug|x64.ActiveCfg = Debug|Any CPU
		{B3E25845-0C49-41DC-8263-3FACFE487E0A}.Debug|x64.Build.0 = Debug|Any CPU
		{B3E25845-0C49-41DC-8263-3FACFE487E0A}.Debug|x86.ActiveCfg = Debug|Any CPU
		{B3E25845-0C49-41DC-8263-3FACFE487E0A}.Debug|x86.Build.0 = Debug|Any CPU
		{B3E25845-0C49-41DC-8263-3FACFE487E0A}.Release|Any CPU.ActiveCfg = Release|x64
		{B3E25845-0C49-41DC-8263-3FACFE487E0A}.Release|Any CPU.Build.0 = Release|x64
		{B3E25845-0C49-41DC-8263-3FACFE487E0A}.Release|x64.ActiveCfg = Release|x64
		{B3E25845-0C49-41DC-8263-3FACFE487E0A}.Release|x64.Build.0 = Release|x64
		{B3E25845-0C49-41DC-8263-3FACFE487E0A}.Release|x86.ActiveCfg = Release|Any CPU
		{B3E25845-0C49-41DC-8263-3FACFE487E0A}.Release|x86.Build.0 = Release|Any CPU
		{63E0D53D-B3B8-4897-B37C-E83D8ECC235E}.Debug|Any CPU.ActiveCfg = Debug|Any CPU
		{63E0D53D-B3B8-4897-B37C-E83D8ECC235E}.Debug|Any CPU.Build.0 = Debug|Any CPU
		{63E0D53D-B3B8-4897-B37C-E83D8ECC235E}.Debug|x64.ActiveCfg = Debug|Any CPU
		{63E0D53D-B3B8-4897-B37C-E83D8ECC235E}.Debug|x64.Build.0 = Debug|Any CPU
		{63E0D53D-B3B8-4897-B37C-E83D8ECC235E}.Debug|x86.ActiveCfg = Debug|Any CPU
		{63E0D53D-B3B8-4897-B37C-E83D8ECC235E}.Debug|x86.Build.0 = Debug|Any CPU
		{63E0D53D-B3B8-4897-B37C-E83D8ECC235E}.Release|Any CPU.ActiveCfg = Release|x64
		{63E0D53D-B3B8-4897-B37C-E83D8ECC235E}.Release|Any CPU.Build.0 = Release|x64
		{63E0D53D-B3B8-4897-B37C-E83D8ECC235E}.Release|x64.ActiveCfg = Release|x64
		{63E0D53D-B3B8-4897-B37C-E83D8ECC235E}.Release|x64.Build.0 = Release|x64
		{63E0D53D-B3B8-4897-B37C-E83D8ECC235E}.Release|x86.ActiveCfg = Release|Any CPU
		{63E0D53D-B3B8-4897-B37C-E83D8ECC235E}.Release|x86.Build.0 = Release|Any CPU
	EndGlobalSection
	GlobalSection(SolutionProperties) = preSolution
		HideSolutionNode = FALSE
	EndGlobalSection
	GlobalSection(ExtensibilityGlobals) = postSolution
		SolutionGuid = {C5A48AD5-18F2-4986-A2AA-088DAC11B4F6}
	EndGlobalSection
EndGlobal
